// !$*UTF8*$!
{
	archiveVersion = 1;
	classes = {
	};
	objectVersion = 56;
	objects = {

/* Begin PBXBuildFile section */
		E3E8CC8F2D57D358005B0FD2 /* AppDelegate.swift in Sources */ = {isa = PBXBuildFile; fileRef = E3E8CC8E2D57D358005B0FD2 /* AppDelegate.swift */; };
		E3E8CC912D57D358005B0FD2 /* SceneDelegate.swift in Sources */ = {isa = PBXBuildFile; fileRef = E3E8CC902D57D358005B0FD2 /* SceneDelegate.swift */; };
		E3E8CC932D57D358005B0FD2 /* SignInController.swift in Sources */ = {isa = PBXBuildFile; fileRef = E3E8CC922D57D358005B0FD2 /* SignInController.swift */; };
		E3E8CC982D57D35A005B0FD2 /* Assets.xcassets in Resources */ = {isa = PBXBuildFile; fileRef = E3E8CC972D57D35A005B0FD2 /* Assets.xcassets */; };
		E3E8CC9B2D57D35A005B0FD2 /* LaunchScreen.storyboard in Resources */ = {isa = PBXBuildFile; fileRef = E3E8CC992D57D35A005B0FD2 /* LaunchScreen.storyboard */; };
		E3E8CCAB2D57D4DC005B0FD2 /* NetworkManager.swift in Sources */ = {isa = PBXBuildFile; fileRef = E3E8CCAA2D57D4DC005B0FD2 /* NetworkManager.swift */; };
		E3E8CCAE2D57D504005B0FD2 /* Kingfisher in Frameworks */ = {isa = PBXBuildFile; productRef = E3E8CCAD2D57D504005B0FD2 /* Kingfisher */; };
		E3E8CCB12D57D511005B0FD2 /* Alamofire in Frameworks */ = {isa = PBXBuildFile; productRef = E3E8CCB02D57D511005B0FD2 /* Alamofire */; };
		E3E8CCB32D57D511005B0FD2 /* AlamofireDynamic in Frameworks */ = {isa = PBXBuildFile; productRef = E3E8CCB22D57D511005B0FD2 /* AlamofireDynamic */; };
		E3E8CCB62D57D51D005B0FD2 /* SnapKit in Frameworks */ = {isa = PBXBuildFile; productRef = E3E8CCB52D57D51D005B0FD2 /* SnapKit */; };
		E3E8CCB82D57D51D005B0FD2 /* SnapKit-Dynamic in Frameworks */ = {isa = PBXBuildFile; productRef = E3E8CCB72D57D51D005B0FD2 /* SnapKit-Dynamic */; };
		E3E8CCBB2D57D52A005B0FD2 /* ProgressHUD in Frameworks */ = {isa = PBXBuildFile; productRef = E3E8CCBA2D57D52A005B0FD2 /* ProgressHUD */; };
		E3E8CCBE2D57D537005B0FD2 /* SVProgressHUD in Frameworks */ = {isa = PBXBuildFile; productRef = E3E8CCBD2D57D537005B0FD2 /* SVProgressHUD */; };
		E3E8CCC02D57D5A4005B0FD2 /* Constraint.swift in Sources */ = {isa = PBXBuildFile; fileRef = E3E8CCBF2D57D5A4005B0FD2 /* Constraint.swift */; };
		E3E8CCC22D57D60F005B0FD2 /* UIColor+Extension.swift in Sources */ = {isa = PBXBuildFile; fileRef = E3E8CCC12D57D60F005B0FD2 /* UIColor+Extension.swift */; };
		E3E8CCC42D57D62C005B0FD2 /* UIFont+Extension.swift in Sources */ = {isa = PBXBuildFile; fileRef = E3E8CCC32D57D62C005B0FD2 /* UIFont+Extension.swift */; };
		E3E8CCC62D57D689005B0FD2 /* Color.swift in Sources */ = {isa = PBXBuildFile; fileRef = E3E8CCC52D57D689005B0FD2 /* Color.swift */; };
		E3E8CCC82D57D6B5005B0FD2 /* UICornerRadius.swift in Sources */ = {isa = PBXBuildFile; fileRef = E3E8CCC72D57D6B5005B0FD2 /* UICornerRadius.swift */; };
		E3E8CCCA2D57D8D2005B0FD2 /* URL+Extension.swift in Sources */ = {isa = PBXBuildFile; fileRef = E3E8CCC92D57D8D2005B0FD2 /* URL+Extension.swift */; };
		E3E8CCCC2D57D8F6005B0FD2 /* UITabBarHideOrNot+Extension.swift in Sources */ = {isa = PBXBuildFile; fileRef = E3E8CCCB2D57D8F6005B0FD2 /* UITabBarHideOrNot+Extension.swift */; };
		E3E8CCCF2D57DAF4005B0FD2 /* UserCreate.swift in Sources */ = {isa = PBXBuildFile; fileRef = E3E8CCCE2D57DAF4005B0FD2 /* UserCreate.swift */; };
		E3E8CCD42D57DBFE005B0FD2 /* MainScreenView.swift in Sources */ = {isa = PBXBuildFile; fileRef = E3E8CCD32D57DBFE005B0FD2 /* MainScreenView.swift */; };
		E3E8CCD72D57DDB7005B0FD2 /* MainViewControllerTab.swift in Sources */ = {isa = PBXBuildFile; fileRef = E3E8CCD62D57DDB7005B0FD2 /* MainViewControllerTab.swift */; };
		E3E8CCDB2D57E1AB005B0FD2 /* ProfileView.swift in Sources */ = {isa = PBXBuildFile; fileRef = E3E8CCDA2D57E1AB005B0FD2 /* ProfileView.swift */; };
		E3E8CCDD2D57E1C1005B0FD2 /* TutorialView.swift in Sources */ = {isa = PBXBuildFile; fileRef = E3E8CCDC2D57E1C1005B0FD2 /* TutorialView.swift */; };
		E3E8CCE02D57E553005B0FD2 /* Goldman-Bold.ttf in Resources */ = {isa = PBXBuildFile; fileRef = E3E8CCDE2D57E553005B0FD2 /* Goldman-Bold.ttf */; };
		E3E8CCE12D57E553005B0FD2 /* Goldman-Regular.ttf in Resources */ = {isa = PBXBuildFile; fileRef = E3E8CCDF2D57E553005B0FD2 /* Goldman-Regular.ttf */; };
		E3E8CCE42D57E55E005B0FD2 /* Montserrat-Italic-VariableFont_wght.ttf in Resources */ = {isa = PBXBuildFile; fileRef = E3E8CCE22D57E55D005B0FD2 /* Montserrat-Italic-VariableFont_wght.ttf */; };
		E3E8CCE52D57E55E005B0FD2 /* Montserrat-VariableFont_wght.ttf in Resources */ = {isa = PBXBuildFile; fileRef = E3E8CCE32D57E55E005B0FD2 /* Montserrat-VariableFont_wght.ttf */; };
		E3E8CCE72D57ECCB005B0FD2 /* BenefitsView.swift in Sources */ = {isa = PBXBuildFile; fileRef = E3E8CCE62D57ECCB005B0FD2 /* BenefitsView.swift */; };
		E3E8CCE92D57EF9F005B0FD2 /* CustomLabelView.swift in Sources */ = {isa = PBXBuildFile; fileRef = E3E8CCE82D57EF9F005B0FD2 /* CustomLabelView.swift */; };
		E3E8CCEB2D58DFC1005B0FD2 /* TournamentCell.swift in Sources */ = {isa = PBXBuildFile; fileRef = E3E8CCEA2D58DFC1005B0FD2 /* TournamentCell.swift */; };
		E3E8CCED2D590BE8005B0FD2 /* TrainingMaterialsView.swift in Sources */ = {isa = PBXBuildFile; fileRef = E3E8CCEC2D590BE8005B0FD2 /* TrainingMaterialsView.swift */; };
		E3E8CCEF2D592D29005B0FD2 /* ChangeImageCell.swift in Sources */ = {isa = PBXBuildFile; fileRef = E3E8CCEE2D592D29005B0FD2 /* ChangeImageCell.swift */; };
		E3E8CCF12D59314D005B0FD2 /* LinksCell.swift in Sources */ = {isa = PBXBuildFile; fileRef = E3E8CCF02D59314D005B0FD2 /* LinksCell.swift */; };
		E3E8CCF32D594540005B0FD2 /* CreateAndDeleteCell.swift in Sources */ = {isa = PBXBuildFile; fileRef = E3E8CCF22D594540005B0FD2 /* CreateAndDeleteCell.swift */; };
		E3E8CCF62D5A2BE9005B0FD2 /* TournamentDetailsView.swift in Sources */ = {isa = PBXBuildFile; fileRef = E3E8CCF52D5A2BE9005B0FD2 /* TournamentDetailsView.swift */; };
		E3E8CCF82D5A3CDD005B0FD2 /* TournamentInfo.swift in Sources */ = {isa = PBXBuildFile; fileRef = E3E8CCF72D5A3CDD005B0FD2 /* TournamentInfo.swift */; };
		E3E8CCFA2D5A546F005B0FD2 /* TournamentDetailsInfo.swift in Sources */ = {isa = PBXBuildFile; fileRef = E3E8CCF92D5A546F005B0FD2 /* TournamentDetailsInfo.swift */; };
		E3E8CCFC2D5A738D005B0FD2 /* TournamentDescriptionCell.swift in Sources */ = {isa = PBXBuildFile; fileRef = E3E8CCFB2D5A738D005B0FD2 /* TournamentDescriptionCell.swift */; };
		E3E8CCFE2D5A7749005B0FD2 /* TournamentParticipantsCell.swift in Sources */ = {isa = PBXBuildFile; fileRef = E3E8CCFD2D5A7749005B0FD2 /* TournamentParticipantsCell.swift */; };
		E3E8CD002D5A7973005B0FD2 /* AttributedStringView.swift in Sources */ = {isa = PBXBuildFile; fileRef = E3E8CCFF2D5A7973005B0FD2 /* AttributedStringView.swift */; };
		E3E8CD032D5B2F05005B0FD2 /* SelectTheCommand.swift in Sources */ = {isa = PBXBuildFile; fileRef = E3E8CD022D5B2F05005B0FD2 /* SelectTheCommand.swift */; };
		E3E8CD052D5B5069005B0FD2 /* TournamentTeam.swift in Sources */ = {isa = PBXBuildFile; fileRef = E3E8CD042D5B5069005B0FD2 /* TournamentTeam.swift */; };
		E3E8CD082D5BCF1F005B0FD2 /* CSGameController.swift in Sources */ = {isa = PBXBuildFile; fileRef = E3E8CD072D5BCF1F005B0FD2 /* CSGameController.swift */; };
		E3E8CD0A2D5BCFFD005B0FD2 /* SearchCell.swift in Sources */ = {isa = PBXBuildFile; fileRef = E3E8CD092D5BCFFD005B0FD2 /* SearchCell.swift */; };
		E3E8CD0C2D5BD289005B0FD2 /* PopularTrainingCell.swift in Sources */ = {isa = PBXBuildFile; fileRef = E3E8CD0B2D5BD289005B0FD2 /* PopularTrainingCell.swift */; };
		E3E8CD0F2D5BE6D5005B0FD2 /* TrainingCell.swift in Sources */ = {isa = PBXBuildFile; fileRef = E3E8CD0E2D5BE6D5005B0FD2 /* TrainingCell.swift */; };
/* End PBXBuildFile section */

/* Begin PBXFileReference section */
		E3E8CC8B2D57D358005B0FD2 /* 1win.app */ = {isa = PBXFileReference; explicitFileType = wrapper.application; includeInIndex = 0; path = 1win.app; sourceTree = BUILT_PRODUCTS_DIR; };
		E3E8CC8E2D57D358005B0FD2 /* AppDelegate.swift */ = {isa = PBXFileReference; lastKnownFileType = sourcecode.swift; path = AppDelegate.swift; sourceTree = "<group>"; };
		E3E8CC902D57D358005B0FD2 /* SceneDelegate.swift */ = {isa = PBXFileReference; lastKnownFileType = sourcecode.swift; path = SceneDelegate.swift; sourceTree = "<group>"; };
		E3E8CC922D57D358005B0FD2 /* SignInController.swift */ = {isa = PBXFileReference; lastKnownFileType = sourcecode.swift; path = SignInController.swift; sourceTree = "<group>"; };
		E3E8CC972D57D35A005B0FD2 /* Assets.xcassets */ = {isa = PBXFileReference; lastKnownFileType = folder.assetcatalog; path = Assets.xcassets; sourceTree = "<group>"; };
		E3E8CC9A2D57D35A005B0FD2 /* Base */ = {isa = PBXFileReference; lastKnownFileType = file.storyboard; name = Base; path = Base.lproj/LaunchScreen.storyboard; sourceTree = "<group>"; };
		E3E8CC9C2D57D35A005B0FD2 /* Info.plist */ = {isa = PBXFileReference; lastKnownFileType = text.plist.xml; path = Info.plist; sourceTree = "<group>"; };
		E3E8CCAA2D57D4DC005B0FD2 /* NetworkManager.swift */ = {isa = PBXFileReference; lastKnownFileType = sourcecode.swift; path = NetworkManager.swift; sourceTree = "<group>"; };
		E3E8CCBF2D57D5A4005B0FD2 /* Constraint.swift */ = {isa = PBXFileReference; lastKnownFileType = sourcecode.swift; path = Constraint.swift; sourceTree = "<group>"; };
		E3E8CCC12D57D60F005B0FD2 /* UIColor+Extension.swift */ = {isa = PBXFileReference; lastKnownFileType = sourcecode.swift; path = "UIColor+Extension.swift"; sourceTree = "<group>"; };
		E3E8CCC32D57D62C005B0FD2 /* UIFont+Extension.swift */ = {isa = PBXFileReference; lastKnownFileType = sourcecode.swift; path = "UIFont+Extension.swift"; sourceTree = "<group>"; };
		E3E8CCC52D57D689005B0FD2 /* Color.swift */ = {isa = PBXFileReference; lastKnownFileType = sourcecode.swift; path = Color.swift; sourceTree = "<group>"; };
		E3E8CCC72D57D6B5005B0FD2 /* UICornerRadius.swift */ = {isa = PBXFileReference; lastKnownFileType = sourcecode.swift; path = UICornerRadius.swift; sourceTree = "<group>"; };
		E3E8CCC92D57D8D2005B0FD2 /* URL+Extension.swift */ = {isa = PBXFileReference; lastKnownFileType = sourcecode.swift; path = "URL+Extension.swift"; sourceTree = "<group>"; };
		E3E8CCCB2D57D8F6005B0FD2 /* UITabBarHideOrNot+Extension.swift */ = {isa = PBXFileReference; lastKnownFileType = sourcecode.swift; path = "UITabBarHideOrNot+Extension.swift"; sourceTree = "<group>"; };
		E3E8CCCE2D57DAF4005B0FD2 /* UserCreate.swift */ = {isa = PBXFileReference; lastKnownFileType = sourcecode.swift; path = UserCreate.swift; sourceTree = "<group>"; };
		E3E8CCD32D57DBFE005B0FD2 /* MainScreenView.swift */ = {isa = PBXFileReference; lastKnownFileType = sourcecode.swift; path = MainScreenView.swift; sourceTree = "<group>"; };
		E3E8CCD62D57DDB7005B0FD2 /* MainViewControllerTab.swift */ = {isa = PBXFileReference; lastKnownFileType = sourcecode.swift; path = MainViewControllerTab.swift; sourceTree = "<group>"; };
		E3E8CCDA2D57E1AB005B0FD2 /* ProfileView.swift */ = {isa = PBXFileReference; lastKnownFileType = sourcecode.swift; path = ProfileView.swift; sourceTree = "<group>"; };
		E3E8CCDC2D57E1C1005B0FD2 /* TutorialView.swift */ = {isa = PBXFileReference; lastKnownFileType = sourcecode.swift; path = TutorialView.swift; sourceTree = "<group>"; };
		E3E8CCDE2D57E553005B0FD2 /* Goldman-Bold.ttf */ = {isa = PBXFileReference; lastKnownFileType = file; path = "Goldman-Bold.ttf"; sourceTree = "<group>"; };
		E3E8CCDF2D57E553005B0FD2 /* Goldman-Regular.ttf */ = {isa = PBXFileReference; lastKnownFileType = file; path = "Goldman-Regular.ttf"; sourceTree = "<group>"; };
		E3E8CCE22D57E55D005B0FD2 /* Montserrat-Italic-VariableFont_wght.ttf */ = {isa = PBXFileReference; lastKnownFileType = file; path = "Montserrat-Italic-VariableFont_wght.ttf"; sourceTree = "<group>"; };
		E3E8CCE32D57E55E005B0FD2 /* Montserrat-VariableFont_wght.ttf */ = {isa = PBXFileReference; lastKnownFileType = file; path = "Montserrat-VariableFont_wght.ttf"; sourceTree = "<group>"; };
		E3E8CCE62D57ECCB005B0FD2 /* BenefitsView.swift */ = {isa = PBXFileReference; lastKnownFileType = sourcecode.swift; path = BenefitsView.swift; sourceTree = "<group>"; };
		E3E8CCE82D57EF9F005B0FD2 /* CustomLabelView.swift */ = {isa = PBXFileReference; lastKnownFileType = sourcecode.swift; path = CustomLabelView.swift; sourceTree = "<group>"; };
		E3E8CCEA2D58DFC1005B0FD2 /* TournamentCell.swift */ = {isa = PBXFileReference; lastKnownFileType = sourcecode.swift; path = TournamentCell.swift; sourceTree = "<group>"; };
		E3E8CCEC2D590BE8005B0FD2 /* TrainingMaterialsView.swift */ = {isa = PBXFileReference; lastKnownFileType = sourcecode.swift; path = TrainingMaterialsView.swift; sourceTree = "<group>"; };
		E3E8CCEE2D592D29005B0FD2 /* ChangeImageCell.swift */ = {isa = PBXFileReference; lastKnownFileType = sourcecode.swift; path = ChangeImageCell.swift; sourceTree = "<group>"; };
		E3E8CCF02D59314D005B0FD2 /* LinksCell.swift */ = {isa = PBXFileReference; lastKnownFileType = sourcecode.swift; path = LinksCell.swift; sourceTree = "<group>"; };
		E3E8CCF22D594540005B0FD2 /* CreateAndDeleteCell.swift */ = {isa = PBXFileReference; lastKnownFileType = sourcecode.swift; path = CreateAndDeleteCell.swift; sourceTree = "<group>"; };
		E3E8CCF52D5A2BE9005B0FD2 /* TournamentDetailsView.swift */ = {isa = PBXFileReference; lastKnownFileType = sourcecode.swift; path = TournamentDetailsView.swift; sourceTree = "<group>"; };
		E3E8CCF72D5A3CDD005B0FD2 /* TournamentInfo.swift */ = {isa = PBXFileReference; lastKnownFileType = sourcecode.swift; path = TournamentInfo.swift; sourceTree = "<group>"; };
		E3E8CCF92D5A546F005B0FD2 /* TournamentDetailsInfo.swift */ = {isa = PBXFileReference; lastKnownFileType = sourcecode.swift; path = TournamentDetailsInfo.swift; sourceTree = "<group>"; };
		E3E8CCFB2D5A738D005B0FD2 /* TournamentDescriptionCell.swift */ = {isa = PBXFileReference; lastKnownFileType = sourcecode.swift; path = TournamentDescriptionCell.swift; sourceTree = "<group>"; };
		E3E8CCFD2D5A7749005B0FD2 /* TournamentParticipantsCell.swift */ = {isa = PBXFileReference; lastKnownFileType = sourcecode.swift; path = TournamentParticipantsCell.swift; sourceTree = "<group>"; };
		E3E8CCFF2D5A7973005B0FD2 /* AttributedStringView.swift */ = {isa = PBXFileReference; lastKnownFileType = sourcecode.swift; path = AttributedStringView.swift; sourceTree = "<group>"; };
		E3E8CD022D5B2F05005B0FD2 /* SelectTheCommand.swift */ = {isa = PBXFileReference; lastKnownFileType = sourcecode.swift; path = SelectTheCommand.swift; sourceTree = "<group>"; };
		E3E8CD042D5B5069005B0FD2 /* TournamentTeam.swift */ = {isa = PBXFileReference; lastKnownFileType = sourcecode.swift; path = TournamentTeam.swift; sourceTree = "<group>"; };
		E3E8CD072D5BCF1F005B0FD2 /* CSGameController.swift */ = {isa = PBXFileReference; lastKnownFileType = sourcecode.swift; path = CSGameController.swift; sourceTree = "<group>"; };
		E3E8CD092D5BCFFD005B0FD2 /* SearchCell.swift */ = {isa = PBXFileReference; lastKnownFileType = sourcecode.swift; path = SearchCell.swift; sourceTree = "<group>"; };
		E3E8CD0B2D5BD289005B0FD2 /* PopularTrainingCell.swift */ = {isa = PBXFileReference; lastKnownFileType = sourcecode.swift; path = PopularTrainingCell.swift; sourceTree = "<group>"; };
		E3E8CD0E2D5BE6D5005B0FD2 /* TrainingCell.swift */ = {isa = PBXFileReference; lastKnownFileType = sourcecode.swift; path = TrainingCell.swift; sourceTree = "<group>"; };
/* End PBXFileReference section */

/* Begin PBXFrameworksBuildPhase section */
		E3E8CC882D57D358005B0FD2 /* Frameworks */ = {
			isa = PBXFrameworksBuildPhase;
			buildActionMask = 2147483647;
			files = (
				E3E8CCB82D57D51D005B0FD2 /* SnapKit-Dynamic in Frameworks */,
				E3E8CCAE2D57D504005B0FD2 /* Kingfisher in Frameworks */,
				E3E8CCB62D57D51D005B0FD2 /* SnapKit in Frameworks */,
				E3E8CCBE2D57D537005B0FD2 /* SVProgressHUD in Frameworks */,
				E3E8CCBB2D57D52A005B0FD2 /* ProgressHUD in Frameworks */,
				E3E8CCB32D57D511005B0FD2 /* AlamofireDynamic in Frameworks */,
				E3E8CCB12D57D511005B0FD2 /* Alamofire in Frameworks */,
			);
			runOnlyForDeploymentPostprocessing = 0;
		};
/* End PBXFrameworksBuildPhase section */

/* Begin PBXGroup section */
		E3E8CC822D57D358005B0FD2 = {
			isa = PBXGroup;
			children = (
				E3E8CC8D2D57D358005B0FD2 /* 1win */,
				E3E8CC8C2D57D358005B0FD2 /* Products */,
			);
			sourceTree = "<group>";
		};
		E3E8CC8C2D57D358005B0FD2 /* Products */ = {
			isa = PBXGroup;
			children = (
				E3E8CC8B2D57D358005B0FD2 /* 1win.app */,
			);
			name = Products;
			sourceTree = "<group>";
		};
		E3E8CC8D2D57D358005B0FD2 /* 1win */ = {
			isa = PBXGroup;
			children = (
				E3E8CCA22D57D3B5005B0FD2 /* App */,
				E3E8CCA32D57D3C8005B0FD2 /* Scenas */,
				E3E8CCA42D57D3D4005B0FD2 /* View */,
				E3E8CCA52D57D3E3005B0FD2 /* Models */,
				E3E8CCA92D57D41E005B0FD2 /* NetworkManager */,
				E3E8CCA82D57D3FE005B0FD2 /* Constraints */,
				E3E8CCA72D57D3F3005B0FD2 /* Extension */,
				E3E8CCA62D57D3ED005B0FD2 /* Fonts */,
				E3E8CC972D57D35A005B0FD2 /* Assets.xcassets */,
				E3E8CC992D57D35A005B0FD2 /* LaunchScreen.storyboard */,
				E3E8CC9C2D57D35A005B0FD2 /* Info.plist */,
			);
			path = 1win;
			sourceTree = "<group>";
		};
		E3E8CCA22D57D3B5005B0FD2 /* App */ = {
			isa = PBXGroup;
			children = (
				E3E8CC8E2D57D358005B0FD2 /* AppDelegate.swift */,
				E3E8CC902D57D358005B0FD2 /* SceneDelegate.swift */,
			);
			path = App;
			sourceTree = "<group>";
		};
		E3E8CCA32D57D3C8005B0FD2 /* Scenas */ = {
			isa = PBXGroup;
			children = (
				E3E8CCCD2D57D9F3005B0FD2 /* SignIn */,
				E3E8CCD52D57DD90005B0FD2 /* MainViewControllerTab */,
				E3E8CCD12D57DBC8005B0FD2 /* MainScreen */,
				E3E8CCD82D57E14F005B0FD2 /* Tutorials */,
				E3E8CCD92D57E16B005B0FD2 /* Profile */,
			);
			path = Scenas;
			sourceTree = "<group>";
		};
		E3E8CCA42D57D3D4005B0FD2 /* View */ = {
			isa = PBXGroup;
			children = (
				E3E8CCE62D57ECCB005B0FD2 /* BenefitsView.swift */,
				E3E8CCE82D57EF9F005B0FD2 /* CustomLabelView.swift */,
				E3E8CCFF2D5A7973005B0FD2 /* AttributedStringView.swift */,
			);
			path = View;
			sourceTree = "<group>";
		};
		E3E8CCA52D57D3E3005B0FD2 /* Models */ = {
			isa = PBXGroup;
			children = (
				E3E8CCF92D5A546F005B0FD2 /* TournamentDetailsInfo.swift */,
				E3E8CD042D5B5069005B0FD2 /* TournamentTeam.swift */,
				E3E8CCCE2D57DAF4005B0FD2 /* UserCreate.swift */,
			);
			path = Models;
			sourceTree = "<group>";
		};
		E3E8CCA62D57D3ED005B0FD2 /* Fonts */ = {
			isa = PBXGroup;
			children = (
				E3E8CCDE2D57E553005B0FD2 /* Goldman-Bold.ttf */,
				E3E8CCDF2D57E553005B0FD2 /* Goldman-Regular.ttf */,
				E3E8CCE22D57E55D005B0FD2 /* Montserrat-Italic-VariableFont_wght.ttf */,
				E3E8CCE32D57E55E005B0FD2 /* Montserrat-VariableFont_wght.ttf */,
			);
			path = Fonts;
			sourceTree = "<group>";
		};
		E3E8CCA72D57D3F3005B0FD2 /* Extension */ = {
			isa = PBXGroup;
			children = (
				E3E8CCC12D57D60F005B0FD2 /* UIColor+Extension.swift */,
				E3E8CCC32D57D62C005B0FD2 /* UIFont+Extension.swift */,
				E3E8CCC52D57D689005B0FD2 /* Color.swift */,
				E3E8CCC72D57D6B5005B0FD2 /* UICornerRadius.swift */,
				E3E8CCCB2D57D8F6005B0FD2 /* UITabBarHideOrNot+Extension.swift */,
				E3E8CCC92D57D8D2005B0FD2 /* URL+Extension.swift */,
			);
			path = Extension;
			sourceTree = "<group>";
		};
		E3E8CCA82D57D3FE005B0FD2 /* Constraints */ = {
			isa = PBXGroup;
			children = (
				E3E8CCBF2D57D5A4005B0FD2 /* Constraint.swift */,
			);
			path = Constraints;
			sourceTree = "<group>";
		};
		E3E8CCA92D57D41E005B0FD2 /* NetworkManager */ = {
			isa = PBXGroup;
			children = (
				E3E8CCAA2D57D4DC005B0FD2 /* NetworkManager.swift */,
			);
			path = NetworkManager;
			sourceTree = "<group>";
		};
		E3E8CCCD2D57D9F3005B0FD2 /* SignIn */ = {
			isa = PBXGroup;
			children = (
				E3E8CC922D57D358005B0FD2 /* SignInController.swift */,
			);
			path = SignIn;
			sourceTree = "<group>";
		};
		E3E8CCD12D57DBC8005B0FD2 /* MainScreen */ = {
			isa = PBXGroup;
			children = (
				E3E8CCD32D57DBFE005B0FD2 /* MainScreenView.swift */,
				E3E8CCEA2D58DFC1005B0FD2 /* TournamentCell.swift */,
				E3E8CCEC2D590BE8005B0FD2 /* TrainingMaterialsView.swift */,
				E3E8CCF42D5A1DD9005B0FD2 /* TournamentDetails */,
				E3E8CD062D5BCED3005B0FD2 /* CSGameVIew */,
			);
			path = MainScreen;
			sourceTree = "<group>";
		};
		E3E8CCD52D57DD90005B0FD2 /* MainViewControllerTab */ = {
			isa = PBXGroup;
			children = (
				E3E8CCD62D57DDB7005B0FD2 /* MainViewControllerTab.swift */,
			);
			path = MainViewControllerTab;
			sourceTree = "<group>";
		};
		E3E8CCD82D57E14F005B0FD2 /* Tutorials */ = {
			isa = PBXGroup;
			children = (
				E3E8CCDC2D57E1C1005B0FD2 /* TutorialView.swift */,
			);
			path = Tutorials;
			sourceTree = "<group>";
		};
		E3E8CCD92D57E16B005B0FD2 /* Profile */ = {
			isa = PBXGroup;
			children = (
				E3E8CCDA2D57E1AB005B0FD2 /* ProfileView.swift */,
				E3E8CCEE2D592D29005B0FD2 /* ChangeImageCell.swift */,
				E3E8CCF02D59314D005B0FD2 /* LinksCell.swift */,
				E3E8CCF22D594540005B0FD2 /* CreateAndDeleteCell.swift */,
			);
			path = Profile;
			sourceTree = "<group>";
		};
		E3E8CCF42D5A1DD9005B0FD2 /* TournamentDetails */ = {
			isa = PBXGroup;
			children = (
				E3E8CCF52D5A2BE9005B0FD2 /* TournamentDetailsView.swift */,
				E3E8CCFB2D5A738D005B0FD2 /* TournamentDescriptionCell.swift */,
				E3E8CCF72D5A3CDD005B0FD2 /* TournamentInfo.swift */,
				E3E8CCFD2D5A7749005B0FD2 /* TournamentParticipantsCell.swift */,
				E3E8CD022D5B2F05005B0FD2 /* SelectTheCommand.swift */,
			);
			path = TournamentDetails;
			sourceTree = "<group>";
		};
		E3E8CD062D5BCED3005B0FD2 /* CSGameVIew */ = {
			isa = PBXGroup;
			children = (
				E3E8CD072D5BCF1F005B0FD2 /* CSGameController.swift */,
				E3E8CD092D5BCFFD005B0FD2 /* SearchCell.swift */,
				E3E8CD0D2D5BE5A6005B0FD2 /* PopularTrainingCell */,
			);
			path = CSGameVIew;
			sourceTree = "<group>";
		};
		E3E8CD0D2D5BE5A6005B0FD2 /* PopularTrainingCell */ = {
			isa = PBXGroup;
			children = (
				E3E8CD0B2D5BD289005B0FD2 /* PopularTrainingCell.swift */,
				E3E8CD0E2D5BE6D5005B0FD2 /* TrainingCell.swift */,
			);
			path = PopularTrainingCell;
			sourceTree = "<group>";
		};
/* End PBXGroup section */

/* Begin PBXNativeTarget section */
		E3E8CC8A2D57D358005B0FD2 /* 1win */ = {
			isa = PBXNativeTarget;
			buildConfigurationList = E3E8CC9F2D57D35A005B0FD2 /* Build configuration list for PBXNativeTarget "1win" */;
			buildPhases = (
				E3E8CC872D57D358005B0FD2 /* Sources */,
				E3E8CC882D57D358005B0FD2 /* Frameworks */,
				E3E8CC892D57D358005B0FD2 /* Resources */,
			);
			buildRules = (
			);
			dependencies = (
			);
			name = 1win;
			packageProductDependencies = (
				E3E8CCAD2D57D504005B0FD2 /* Kingfisher */,
				E3E8CCB02D57D511005B0FD2 /* Alamofire */,
				E3E8CCB22D57D511005B0FD2 /* AlamofireDynamic */,
				E3E8CCB52D57D51D005B0FD2 /* SnapKit */,
				E3E8CCB72D57D51D005B0FD2 /* SnapKit-Dynamic */,
				E3E8CCBA2D57D52A005B0FD2 /* ProgressHUD */,
				E3E8CCBD2D57D537005B0FD2 /* SVProgressHUD */,
			);
			productName = 1win;
			productReference = E3E8CC8B2D57D358005B0FD2 /* 1win.app */;
			productType = "com.apple.product-type.application";
		};
/* End PBXNativeTarget section */

/* Begin PBXProject section */
		E3E8CC832D57D358005B0FD2 /* Project object */ = {
			isa = PBXProject;
			attributes = {
				BuildIndependentTargetsInParallel = 1;
				LastSwiftUpdateCheck = 1520;
				LastUpgradeCheck = 1520;
				TargetAttributes = {
					E3E8CC8A2D57D358005B0FD2 = {
						CreatedOnToolsVersion = 15.2;
					};
				};
			};
			buildConfigurationList = E3E8CC862D57D358005B0FD2 /* Build configuration list for PBXProject "1win" */;
			compatibilityVersion = "Xcode 14.0";
			developmentRegion = en;
			hasScannedForEncodings = 0;
			knownRegions = (
				en,
				Base,
			);
			mainGroup = E3E8CC822D57D358005B0FD2;
			packageReferences = (
				E3E8CCAC2D57D504005B0FD2 /* XCRemoteSwiftPackageReference "Kingfisher" */,
				E3E8CCAF2D57D511005B0FD2 /* XCRemoteSwiftPackageReference "Alamofire" */,
				E3E8CCB42D57D51D005B0FD2 /* XCRemoteSwiftPackageReference "SnapKit" */,
				E3E8CCB92D57D52A005B0FD2 /* XCRemoteSwiftPackageReference "ProgressHUD" */,
				E3E8CCBC2D57D537005B0FD2 /* XCRemoteSwiftPackageReference "SVProgressHUD" */,
			);
			productRefGroup = E3E8CC8C2D57D358005B0FD2 /* Products */;
			projectDirPath = "";
			projectRoot = "";
			targets = (
				E3E8CC8A2D57D358005B0FD2 /* 1win */,
			);
		};
/* End PBXProject section */

/* Begin PBXResourcesBuildPhase section */
		E3E8CC892D57D358005B0FD2 /* Resources */ = {
			isa = PBXResourcesBuildPhase;
			buildActionMask = 2147483647;
			files = (
				E3E8CCE42D57E55E005B0FD2 /* Montserrat-Italic-VariableFont_wght.ttf in Resources */,
				E3E8CCE12D57E553005B0FD2 /* Goldman-Regular.ttf in Resources */,
				E3E8CC9B2D57D35A005B0FD2 /* LaunchScreen.storyboard in Resources */,
				E3E8CCE02D57E553005B0FD2 /* Goldman-Bold.ttf in Resources */,
				E3E8CCE52D57E55E005B0FD2 /* Montserrat-VariableFont_wght.ttf in Resources */,
				E3E8CC982D57D35A005B0FD2 /* Assets.xcassets in Resources */,
			);
			runOnlyForDeploymentPostprocessing = 0;
		};
/* End PBXResourcesBuildPhase section */

/* Begin PBXSourcesBuildPhase section */
		E3E8CC872D57D358005B0FD2 /* Sources */ = {
			isa = PBXSourcesBuildPhase;
			buildActionMask = 2147483647;
			files = (
				E3E8CCFE2D5A7749005B0FD2 /* TournamentParticipantsCell.swift in Sources */,
				E3E8CD0A2D5BCFFD005B0FD2 /* SearchCell.swift in Sources */,
				E3E8CCC42D57D62C005B0FD2 /* UIFont+Extension.swift in Sources */,
				E3E8CCAB2D57D4DC005B0FD2 /* NetworkManager.swift in Sources */,
				E3E8CCCF2D57DAF4005B0FD2 /* UserCreate.swift in Sources */,
				E3E8CCEF2D592D29005B0FD2 /* ChangeImageCell.swift in Sources */,
				E3E8CD082D5BCF1F005B0FD2 /* CSGameController.swift in Sources */,
				E3E8CCEB2D58DFC1005B0FD2 /* TournamentCell.swift in Sources */,
				E3E8CCF62D5A2BE9005B0FD2 /* TournamentDetailsView.swift in Sources */,
				E3E8CD032D5B2F05005B0FD2 /* SelectTheCommand.swift in Sources */,
				E3E8CC932D57D358005B0FD2 /* SignInController.swift in Sources */,
				E3E8CCCA2D57D8D2005B0FD2 /* URL+Extension.swift in Sources */,
				E3E8CD002D5A7973005B0FD2 /* AttributedStringView.swift in Sources */,
				E3E8CCFC2D5A738D005B0FD2 /* TournamentDescriptionCell.swift in Sources */,
				E3E8CC8F2D57D358005B0FD2 /* AppDelegate.swift in Sources */,
				E3E8CCE72D57ECCB005B0FD2 /* BenefitsView.swift in Sources */,
				E3E8CCF82D5A3CDD005B0FD2 /* TournamentInfo.swift in Sources */,
				E3E8CCED2D590BE8005B0FD2 /* TrainingMaterialsView.swift in Sources */,
				E3E8CCC22D57D60F005B0FD2 /* UIColor+Extension.swift in Sources */,
				E3E8CCE92D57EF9F005B0FD2 /* CustomLabelView.swift in Sources */,
				E3E8CCDB2D57E1AB005B0FD2 /* ProfileView.swift in Sources */,
				E3E8CCC62D57D689005B0FD2 /* Color.swift in Sources */,
				E3E8CCC02D57D5A4005B0FD2 /* Constraint.swift in Sources */,
				E3E8CCC82D57D6B5005B0FD2 /* UICornerRadius.swift in Sources */,
				E3E8CC912D57D358005B0FD2 /* SceneDelegate.swift in Sources */,
				E3E8CCDD2D57E1C1005B0FD2 /* TutorialView.swift in Sources */,
				E3E8CD0F2D5BE6D5005B0FD2 /* TrainingCell.swift in Sources */,
				E3E8CCCC2D57D8F6005B0FD2 /* UITabBarHideOrNot+Extension.swift in Sources */,
				E3E8CCFA2D5A546F005B0FD2 /* TournamentDetailsInfo.swift in Sources */,
				E3E8CCD42D57DBFE005B0FD2 /* MainScreenView.swift in Sources */,
				E3E8CD0C2D5BD289005B0FD2 /* PopularTrainingCell.swift in Sources */,
				E3E8CCD72D57DDB7005B0FD2 /* MainViewControllerTab.swift in Sources */,
				E3E8CD052D5B5069005B0FD2 /* TournamentTeam.swift in Sources */,
				E3E8CCF32D594540005B0FD2 /* CreateAndDeleteCell.swift in Sources */,
				E3E8CCF12D59314D005B0FD2 /* LinksCell.swift in Sources */,
			);
			runOnlyForDeploymentPostprocessing = 0;
		};
/* End PBXSourcesBuildPhase section */

/* Begin PBXVariantGroup section */
		E3E8CC992D57D35A005B0FD2 /* LaunchScreen.storyboard */ = {
			isa = PBXVariantGroup;
			children = (
				E3E8CC9A2D57D35A005B0FD2 /* Base */,
			);
			name = LaunchScreen.storyboard;
			sourceTree = "<group>";
		};
/* End PBXVariantGroup section */

/* Begin XCBuildConfiguration section */
		E3E8CC9D2D57D35A005B0FD2 /* Debug */ = {
			isa = XCBuildConfiguration;
			buildSettings = {
				ALWAYS_SEARCH_USER_PATHS = NO;
				ASSETCATALOG_COMPILER_GENERATE_SWIFT_ASSET_SYMBOL_EXTENSIONS = YES;
				CLANG_ANALYZER_NONNULL = YES;
				CLANG_ANALYZER_NUMBER_OBJECT_CONVERSION = YES_AGGRESSIVE;
				CLANG_CXX_LANGUAGE_STANDARD = "gnu++20";
				CLANG_ENABLE_MODULES = YES;
				CLANG_ENABLE_OBJC_ARC = YES;
				CLANG_ENABLE_OBJC_WEAK = YES;
				CLANG_WARN_BLOCK_CAPTURE_AUTORELEASING = YES;
				CLANG_WARN_BOOL_CONVERSION = YES;
				CLANG_WARN_COMMA = YES;
				CLANG_WARN_CONSTANT_CONVERSION = YES;
				CLANG_WARN_DEPRECATED_OBJC_IMPLEMENTATIONS = YES;
				CLANG_WARN_DIRECT_OBJC_ISA_USAGE = YES_ERROR;
				CLANG_WARN_DOCUMENTATION_COMMENTS = YES;
				CLANG_WARN_EMPTY_BODY = YES;
				CLANG_WARN_ENUM_CONVERSION = YES;
				CLANG_WARN_INFINITE_RECURSION = YES;
				CLANG_WARN_INT_CONVERSION = YES;
				CLANG_WARN_NON_LITERAL_NULL_CONVERSION = YES;
				CLANG_WARN_OBJC_IMPLICIT_RETAIN_SELF = YES;
				CLANG_WARN_OBJC_LITERAL_CONVERSION = YES;
				CLANG_WARN_OBJC_ROOT_CLASS = YES_ERROR;
				CLANG_WARN_QUOTED_INCLUDE_IN_FRAMEWORK_HEADER = YES;
				CLANG_WARN_RANGE_LOOP_ANALYSIS = YES;
				CLANG_WARN_STRICT_PROTOTYPES = YES;
				CLANG_WARN_SUSPICIOUS_MOVE = YES;
				CLANG_WARN_UNGUARDED_AVAILABILITY = YES_AGGRESSIVE;
				CLANG_WARN_UNREACHABLE_CODE = YES;
				CLANG_WARN__DUPLICATE_METHOD_MATCH = YES;
				COPY_PHASE_STRIP = NO;
				DEBUG_INFORMATION_FORMAT = dwarf;
				ENABLE_STRICT_OBJC_MSGSEND = YES;
				ENABLE_TESTABILITY = YES;
				ENABLE_USER_SCRIPT_SANDBOXING = YES;
				GCC_C_LANGUAGE_STANDARD = gnu17;
				GCC_DYNAMIC_NO_PIC = NO;
				GCC_NO_COMMON_BLOCKS = YES;
				GCC_OPTIMIZATION_LEVEL = 0;
				GCC_PREPROCESSOR_DEFINITIONS = (
					"DEBUG=1",
					"$(inherited)",
				);
				GCC_WARN_64_TO_32_BIT_CONVERSION = YES;
				GCC_WARN_ABOUT_RETURN_TYPE = YES_ERROR;
				GCC_WARN_UNDECLARED_SELECTOR = YES;
				GCC_WARN_UNINITIALIZED_AUTOS = YES_AGGRESSIVE;
				GCC_WARN_UNUSED_FUNCTION = YES;
				GCC_WARN_UNUSED_VARIABLE = YES;
				IPHONEOS_DEPLOYMENT_TARGET = 17.2;
				LOCALIZATION_PREFERS_STRING_CATALOGS = YES;
				MTL_ENABLE_DEBUG_INFO = INCLUDE_SOURCE;
				MTL_FAST_MATH = YES;
				ONLY_ACTIVE_ARCH = YES;
				SDKROOT = iphoneos;
				SWIFT_ACTIVE_COMPILATION_CONDITIONS = "DEBUG $(inherited)";
				SWIFT_OPTIMIZATION_LEVEL = "-Onone";
			};
			name = Debug;
		};
		E3E8CC9E2D57D35A005B0FD2 /* Release */ = {
			isa = XCBuildConfiguration;
			buildSettings = {
				ALWAYS_SEARCH_USER_PATHS = NO;
				ASSETCATALOG_COMPILER_GENERATE_SWIFT_ASSET_SYMBOL_EXTENSIONS = YES;
				CLANG_ANALYZER_NONNULL = YES;
				CLANG_ANALYZER_NUMBER_OBJECT_CONVERSION = YES_AGGRESSIVE;
				CLANG_CXX_LANGUAGE_STANDARD = "gnu++20";
				CLANG_ENABLE_MODULES = YES;
				CLANG_ENABLE_OBJC_ARC = YES;
				CLANG_ENABLE_OBJC_WEAK = YES;
				CLANG_WARN_BLOCK_CAPTURE_AUTORELEASING = YES;
				CLANG_WARN_BOOL_CONVERSION = YES;
				CLANG_WARN_COMMA = YES;
				CLANG_WARN_CONSTANT_CONVERSION = YES;
				CLANG_WARN_DEPRECATED_OBJC_IMPLEMENTATIONS = YES;
				CLANG_WARN_DIRECT_OBJC_ISA_USAGE = YES_ERROR;
				CLANG_WARN_DOCUMENTATION_COMMENTS = YES;
				CLANG_WARN_EMPTY_BODY = YES;
				CLANG_WARN_ENUM_CONVERSION = YES;
				CLANG_WARN_INFINITE_RECURSION = YES;
				CLANG_WARN_INT_CONVERSION = YES;
				CLANG_WARN_NON_LITERAL_NULL_CONVERSION = YES;
				CLANG_WARN_OBJC_IMPLICIT_RETAIN_SELF = YES;
				CLANG_WARN_OBJC_LITERAL_CONVERSION = YES;
				CLANG_WARN_OBJC_ROOT_CLASS = YES_ERROR;
				CLANG_WARN_QUOTED_INCLUDE_IN_FRAMEWORK_HEADER = YES;
				CLANG_WARN_RANGE_LOOP_ANALYSIS = YES;
				CLANG_WARN_STRICT_PROTOTYPES = YES;
				CLANG_WARN_SUSPICIOUS_MOVE = YES;
				CLANG_WARN_UNGUARDED_AVAILABILITY = YES_AGGRESSIVE;
				CLANG_WARN_UNREACHABLE_CODE = YES;
				CLANG_WARN__DUPLICATE_METHOD_MATCH = YES;
				COPY_PHASE_STRIP = NO;
				DEBUG_INFORMATION_FORMAT = "dwarf-with-dsym";
				ENABLE_NS_ASSERTIONS = NO;
				ENABLE_STRICT_OBJC_MSGSEND = YES;
				ENABLE_USER_SCRIPT_SANDBOXING = YES;
				GCC_C_LANGUAGE_STANDARD = gnu17;
				GCC_NO_COMMON_BLOCKS = YES;
				GCC_WARN_64_TO_32_BIT_CONVERSION = YES;
				GCC_WARN_ABOUT_RETURN_TYPE = YES_ERROR;
				GCC_WARN_UNDECLARED_SELECTOR = YES;
				GCC_WARN_UNINITIALIZED_AUTOS = YES_AGGRESSIVE;
				GCC_WARN_UNUSED_FUNCTION = YES;
				GCC_WARN_UNUSED_VARIABLE = YES;
				IPHONEOS_DEPLOYMENT_TARGET = 17.2;
				LOCALIZATION_PREFERS_STRING_CATALOGS = YES;
				MTL_ENABLE_DEBUG_INFO = NO;
				MTL_FAST_MATH = YES;
				SDKROOT = iphoneos;
				SWIFT_COMPILATION_MODE = wholemodule;
				VALIDATE_PRODUCT = YES;
			};
			name = Release;
		};
		E3E8CCA02D57D35A005B0FD2 /* Debug */ = {
			isa = XCBuildConfiguration;
			buildSettings = {
				ASSETCATALOG_COMPILER_APPICON_NAME = AppIcon;
				ASSETCATALOG_COMPILER_GLOBAL_ACCENT_COLOR_NAME = AccentColor;
				CODE_SIGN_STYLE = Automatic;
				CURRENT_PROJECT_VERSION = 1;
				DEVELOPMENT_TEAM = Z8QVL3H8TQ;
				GENERATE_INFOPLIST_FILE = YES;
				INFOPLIST_FILE = 1win/Info.plist;
				INFOPLIST_KEY_UIApplicationSupportsIndirectInputEvents = YES;
				INFOPLIST_KEY_UILaunchStoryboardName = LaunchScreen;
				INFOPLIST_KEY_UISupportedInterfaceOrientations_iPad = "UIInterfaceOrientationPortrait UIInterfaceOrientationPortraitUpsideDown UIInterfaceOrientationLandscapeLeft UIInterfaceOrientationLandscapeRight";
				INFOPLIST_KEY_UISupportedInterfaceOrientations_iPhone = "UIInterfaceOrientationPortrait UIInterfaceOrientationLandscapeLeft UIInterfaceOrientationLandscapeRight";
				IPHONEOS_DEPLOYMENT_TARGET = 15.0;
				LD_RUNPATH_SEARCH_PATHS = (
					"$(inherited)",
					"@executable_path/Frameworks",
				);
				MARKETING_VERSION = 1.0;
				PRODUCT_BUNDLE_IDENTIFIER = "-0.-win";
				PRODUCT_NAME = "$(TARGET_NAME)";
				SUPPORTED_PLATFORMS = "iphoneos iphonesimulator";
				SUPPORTS_MACCATALYST = NO;
				SUPPORTS_MAC_DESIGNED_FOR_IPHONE_IPAD = NO;
				SUPPORTS_XR_DESIGNED_FOR_IPHONE_IPAD = NO;
				SWIFT_EMIT_LOC_STRINGS = YES;
				SWIFT_VERSION = 5.0;
				TARGETED_DEVICE_FAMILY = "1,2";
			};
			name = Debug;
		};
		E3E8CCA12D57D35A005B0FD2 /* Release */ = {
			isa = XCBuildConfiguration;
			buildSettings = {
				ASSETCATALOG_COMPILER_APPICON_NAME = AppIcon;
				ASSETCATALOG_COMPILER_GLOBAL_ACCENT_COLOR_NAME = AccentColor;
				CODE_SIGN_STYLE = Automatic;
				CURRENT_PROJECT_VERSION = 1;
				DEVELOPMENT_TEAM = Z8QVL3H8TQ;
				GENERATE_INFOPLIST_FILE = YES;
				INFOPLIST_FILE = 1win/Info.plist;
				INFOPLIST_KEY_UIApplicationSupportsIndirectInputEvents = YES;
				INFOPLIST_KEY_UILaunchStoryboardName = LaunchScreen;
				INFOPLIST_KEY_UISupportedInterfaceOrientations_iPad = "UIInterfaceOrientationPortrait UIInterfaceOrientationPortraitUpsideDown UIInterfaceOrientationLandscapeLeft UIInterfaceOrientationLandscapeRight";
				INFOPLIST_KEY_UISupportedInterfaceOrientations_iPhone = "UIInterfaceOrientationPortrait UIInterfaceOrientationLandscapeLeft UIInterfaceOrientationLandscapeRight";
				IPHONEOS_DEPLOYMENT_TARGET = 15.0;
				LD_RUNPATH_SEARCH_PATHS = (
					"$(inherited)",
					"@executable_path/Frameworks",
				);
				MARKETING_VERSION = 1.0;
				PRODUCT_BUNDLE_IDENTIFIER = "-0.-win";
				PRODUCT_NAME = "$(TARGET_NAME)";
				SUPPORTED_PLATFORMS = "iphoneos iphonesimulator";
				SUPPORTS_MACCATALYST = NO;
				SUPPORTS_MAC_DESIGNED_FOR_IPHONE_IPAD = NO;
				SUPPORTS_XR_DESIGNED_FOR_IPHONE_IPAD = NO;
				SWIFT_EMIT_LOC_STRINGS = YES;
				SWIFT_VERSION = 5.0;
				TARGETED_DEVICE_FAMILY = "1,2";
			};
			name = Release;
		};
/* End XCBuildConfiguration section */

/* Begin XCConfigurationList section */
		E3E8CC862D57D358005B0FD2 /* Build configuration list for PBXProject "1win" */ = {
			isa = XCConfigurationList;
			buildConfigurations = (
				E3E8CC9D2D57D35A005B0FD2 /* Debug */,
				E3E8CC9E2D57D35A005B0FD2 /* Release */,
			);
			defaultConfigurationIsVisible = 0;
			defaultConfigurationName = Release;
		};
		E3E8CC9F2D57D35A005B0FD2 /* Build configuration list for PBXNativeTarget "1win" */ = {
			isa = XCConfigurationList;
			buildConfigurations = (
				E3E8CCA02D57D35A005B0FD2 /* Debug */,
				E3E8CCA12D57D35A005B0FD2 /* Release */,
			);
			defaultConfigurationIsVisible = 0;
			defaultConfigurationName = Release;
		};
/* End XCConfigurationList section */

/* Begin XCRemoteSwiftPackageReference section */
		E3E8CCAC2D57D504005B0FD2 /* XCRemoteSwiftPackageReference "Kingfisher" */ = {
			isa = XCRemoteSwiftPackageReference;
			repositoryURL = "https://github.com/onevcat/Kingfisher";
			requirement = {
				kind = upToNextMajorVersion;
				minimumVersion = 8.2.0;
			};
		};
		E3E8CCAF2D57D511005B0FD2 /* XCRemoteSwiftPackageReference "Alamofire" */ = {
			isa = XCRemoteSwiftPackageReference;
			repositoryURL = "https://github.com/Alamofire/Alamofire";
			requirement = {
				kind = upToNextMajorVersion;
				minimumVersion = 5.10.2;
			};
		};
		E3E8CCB42D57D51D005B0FD2 /* XCRemoteSwiftPackageReference "SnapKit" */ = {
			isa = XCRemoteSwiftPackageReference;
			repositoryURL = "https://github.com/SnapKit/SnapKit";
			requirement = {
				kind = upToNextMajorVersion;
				minimumVersion = 5.7.1;
			};
		};
		E3E8CCB92D57D52A005B0FD2 /* XCRemoteSwiftPackageReference "ProgressHUD" */ = {
			isa = XCRemoteSwiftPackageReference;
			repositoryURL = "https://github.com/relatedcode/ProgressHUD";
			requirement = {
				kind = upToNextMajorVersion;
				minimumVersion = 14.1.3;
			};
		};
		E3E8CCBC2D57D537005B0FD2 /* XCRemoteSwiftPackageReference "SVProgressHUD" */ = {
			isa = XCRemoteSwiftPackageReference;
			repositoryURL = "https://github.com/SVProgressHUD/SVProgressHUD";
			requirement = {
				kind = upToNextMajorVersion;
				minimumVersion = 2.3.1;
			};
		};
/* End XCRemoteSwiftPackageReference section */

/* Begin XCSwiftPackageProductDependency section */
		E3E8CCAD2D57D504005B0FD2 /* Kingfisher */ = {
			isa = XCSwiftPackageProductDependency;
			package = E3E8CCAC2D57D504005B0FD2 /* XCRemoteSwiftPackageReference "Kingfisher" */;
			productName = Kingfisher;
		};
		E3E8CCB02D57D511005B0FD2 /* Alamofire */ = {
			isa = XCSwiftPackageProductDependency;
			package = E3E8CCAF2D57D511005B0FD2 /* XCRemoteSwiftPackageReference "Alamofire" */;
			productName = Alamofire;
		};
		E3E8CCB22D57D511005B0FD2 /* AlamofireDynamic */ = {
			isa = XCSwiftPackageProductDependency;
			package = E3E8CCAF2D57D511005B0FD2 /* XCRemoteSwiftPackageReference "Alamofire" */;
			productName = AlamofireDynamic;
		};
		E3E8CCB52D57D51D005B0FD2 /* SnapKit */ = {
			isa = XCSwiftPackageProductDependency;
			package = E3E8CCB42D57D51D005B0FD2 /* XCRemoteSwiftPackageReference "SnapKit" */;
			productName = SnapKit;
		};
		E3E8CCB72D57D51D005B0FD2 /* SnapKit-Dynamic */ = {
			isa = XCSwiftPackageProductDependency;
			package = E3E8CCB42D57D51D005B0FD2 /* XCRemoteSwiftPackageReference "SnapKit" */;
			productName = "SnapKit-Dynamic";
		};
		E3E8CCBA2D57D52A005B0FD2 /* ProgressHUD */ = {
			isa = XCSwiftPackageProductDependency;
			package = E3E8CCB92D57D52A005B0FD2 /* XCRemoteSwiftPackageReference "ProgressHUD" */;
			productName = ProgressHUD;
		};
		E3E8CCBD2D57D537005B0FD2 /* SVProgressHUD */ = {
			isa = XCSwiftPackageProductDependency;
			package = E3E8CCBC2D57D537005B0FD2 /* XCRemoteSwiftPackageReference "SVProgressHUD" */;
			productName = SVProgressHUD;
		};
/* End XCSwiftPackageProductDependency section */
	};
	rootObject = E3E8CC832D57D358005B0FD2 /* Project object */;
}
